# This file is automatically @generated by Wally.
# It is not intended for manual editing.
registry = "test"

[[package]]
name = "evaera/cmdr"
version = "1.12.0"
dependencies = []

[[package]]
name = "ldgerrits/quickzone"
version = "1.4.6"
dependencies = []

[[package]]
name = "nowoshire/namedsignal"
version = "2.3.2"
dependencies = []

[[package]]
name = "weenachuangkud/fastcast2"
version = "0.1.3"
dependencies = []

[[package]]
name = "yourname/combat-framework"
version = "0.1.0"
dependencies = [["cmdr", "evaera/cmdr@1.12.0"], ["fastcast2", "weenachuangkud/fastcast2@0.1.3"], ["namedsignal", "nowoshire/namedsignal@2.3.2"], ["quickzone", "ldgerrits/quickzone@1.4.6"]]
